Microsoft Visual Studio Solution File, Format Version 12.00# Visual Studio 2012Project("{FAE04EC0-301F-11D3-BF4B-00C04F79EFBC}") = "TestHardCodeCSharp.Entities", "TestHardCodeCSharp.Entities\TestHardCodeCSharp.Entities.csproj", "{4A8F01E1-7AFF-4AE1-AAE2-7FDCFE5E60E9}"EndProjectProject("{FAE04EC0-301F-11D3-BF4B-00C04F79EFBC}") = "TestHardCodeCSharp.Daos.Interfaces", "TestHardCodeCSharp.Daos.Interfaces\TestHardCodeCSharp.Daos.Interfaces.csproj", "{8D169EA5-15DE-40D2-BCD8-F9ED0B9A2014}"EndProjectProject("{FAE04EC0-301F-11D3-BF4B-00C04F79EFBC}") = "TestHardCodeCSharp.Services.Interfaces", "TestHardCodeCSharp.Services.Interfaces\TestHardCodeCSharp.Services.Interfaces.csproj", "{138A98C3-B3CE-4DD0-9AE0-9CB16F3EEA66}"EndProjectProject("{FAE04EC0-301F-11D3-BF4B-00C04F79EFBC}") = "TestHardCodeCSharp.Daos", "TestHardCodeCSharp.Daos\TestHardCodeCSharp.Daos.csproj", "{FBCE5CA2-F762-49F0-852B-59B1E77DFFC3}"EndProjectProject("{FAE04EC0-301F-11D3-BF4B-00C04F79EFBC}") = "TestHardCodeCSharp.Services", "TestHardCodeCSharp.Services\TestHardCodeCSharp.Services.csproj", "{246521E3-5DA8-4B83-BEC2-336974F9B899}"EndProjectProject("{FAE04EC0-301F-11D3-BF4B-00C04F79EFBC}") = "TestHardCodeCSharp.TestData", "TestHardCodeCSharp.TestData\TestHardCodeCSharp.TestData.csproj", "{6C1407AB-2C55-4A9D-AC0C-A6558D3DF044}"EndProjectProject("{FAE04EC0-301F-11D3-BF4B-00C04F79EFBC}") = "TestHardCodeCSharp.Daos.Mocks", "TestHardCodeCSharp.Daos.Mocks\TestHardCodeCSharp.Daos.Mocks.csproj", "{641992A1-19E0-4369-A4E7-A514A8B54A0B}"EndProjectProject("{FAE04EC0-301F-11D3-BF4B-00C04F79EFBC}") = "TestHardCodeCSharp.Daos.Tests", "TestHardCodeCSharp.Daos.Tests\TestHardCodeCSharp.Daos.Tests.csproj", "{263ECC03-60A5-4698-AB81-1308C0F67B4D}"EndProjectProject("{FAE04EC0-301F-11D3-BF4B-00C04F79EFBC}") = "TestHardCodeCSharp.Services.Tests", "TestHardCodeCSharp.Services.Tests\TestHardCodeCSharp.Services.Tests.csproj", "{4EDFEF11-1413-40F8-8521-CC46C34A28DC}"EndProjectProject("{FAE04EC0-301F-11D3-BF4B-00C04F79EFBC}") = "TestHardCodeCSharp.Web", "TestHardCodeCSharp.Web\TestHardCodeCSharp.Web.csproj", "{3F7A2591-D8A7-44C2-B381-65C1E2765215}"EndProjectProject("{FAE04EC0-301F-11D3-BF4B-00C04F79EFBC}") = "TestHardCodeCSharp.WebApi", "TestHardCodeCSharp.WebApi\TestHardCodeCSharp.WebApi.csproj", "{E8197A62-2C18-4A9E-9B03-9A89F0E64F68}"EndProject<!--add customized code between this region--><!--add customized code between this region-->Global	GlobalSection(SolutionConfigurationPlatforms) = preSolution		Debug|Any CPU = Debug|Any CPU		Release|Any CPU = Release|Any CPU	EndGlobalSection	GlobalSection(ProjectConfigurationPlatforms) = postSolution		{4A8F01E1-7AFF-4AE1-AAE2-7FDCFE5E60E9}.Debug|Any CPU.ActiveCfg = Debug|Any CPU		{4A8F01E1-7AFF-4AE1-AAE2-7FDCFE5E60E9}.Debug|Any CPU.Build.0 = Debug|Any CPU		{4A8F01E1-7AFF-4AE1-AAE2-7FDCFE5E60E9}.Release|Any CPU.ActiveCfg = Release|Any CPU		{4A8F01E1-7AFF-4AE1-AAE2-7FDCFE5E60E9}.Release|Any CPU.Build.0 = Release|Any CPU		{8D169EA5-15DE-40D2-BCD8-F9ED0B9A2014}.Debug|Any CPU.ActiveCfg = Debug|Any CPU		{8D169EA5-15DE-40D2-BCD8-F9ED0B9A2014}.Debug|Any CPU.Build.0 = Debug|Any CPU		{8D169EA5-15DE-40D2-BCD8-F9ED0B9A2014}.Release|Any CPU.ActiveCfg = Release|Any CPU		{8D169EA5-15DE-40D2-BCD8-F9ED0B9A2014}.Release|Any CPU.Build.0 = Release|Any CPU		{138A98C3-B3CE-4DD0-9AE0-9CB16F3EEA66}.Debug|Any CPU.ActiveCfg = Debug|Any CPU		{138A98C3-B3CE-4DD0-9AE0-9CB16F3EEA66}.Debug|Any CPU.Build.0 = Debug|Any CPU		{138A98C3-B3CE-4DD0-9AE0-9CB16F3EEA66}.Release|Any CPU.ActiveCfg = Release|Any CPU		{138A98C3-B3CE-4DD0-9AE0-9CB16F3EEA66}.Release|Any CPU.Build.0 = Release|Any CPU		{FBCE5CA2-F762-49F0-852B-59B1E77DFFC3}.Debug|Any CPU.ActiveCfg = Debug|Any CPU		{FBCE5CA2-F762-49F0-852B-59B1E77DFFC3}.Debug|Any CPU.Build.0 = Debug|Any CPU		{FBCE5CA2-F762-49F0-852B-59B1E77DFFC3}.Release|Any CPU.ActiveCfg = Release|Any CPU		{FBCE5CA2-F762-49F0-852B-59B1E77DFFC3}.Release|Any CPU.Build.0 = Release|Any CPU		{246521E3-5DA8-4B83-BEC2-336974F9B899}.Debug|Any CPU.ActiveCfg = Debug|Any CPU		{246521E3-5DA8-4B83-BEC2-336974F9B899}.Debug|Any CPU.Build.0 = Debug|Any CPU		{246521E3-5DA8-4B83-BEC2-336974F9B899}.Release|Any CPU.ActiveCfg = Release|Any CPU		{246521E3-5DA8-4B83-BEC2-336974F9B899}.Release|Any CPU.Build.0 = Release|Any CPU		{6C1407AB-2C55-4A9D-AC0C-A6558D3DF044}.Debug|Any CPU.ActiveCfg = Debug|Any CPU		{6C1407AB-2C55-4A9D-AC0C-A6558D3DF044}.Debug|Any CPU.Build.0 = Debug|Any CPU		{6C1407AB-2C55-4A9D-AC0C-A6558D3DF044}.Release|Any CPU.ActiveCfg = Release|Any CPU		{6C1407AB-2C55-4A9D-AC0C-A6558D3DF044}.Release|Any CPU.Build.0 = Release|Any CPU		{641992A1-19E0-4369-A4E7-A514A8B54A0B}.Debug|Any CPU.ActiveCfg = Debug|Any CPU		{641992A1-19E0-4369-A4E7-A514A8B54A0B}.Debug|Any CPU.Build.0 = Debug|Any CPU		{641992A1-19E0-4369-A4E7-A514A8B54A0B}.Release|Any CPU.ActiveCfg = Release|Any CPU		{641992A1-19E0-4369-A4E7-A514A8B54A0B}.Release|Any CPU.Build.0 = Release|Any CPU		{263ECC03-60A5-4698-AB81-1308C0F67B4D}.Debug|Any CPU.ActiveCfg = Debug|Any CPU		{263ECC03-60A5-4698-AB81-1308C0F67B4D}.Debug|Any CPU.Build.0 = Debug|Any CPU		{263ECC03-60A5-4698-AB81-1308C0F67B4D}.Release|Any CPU.ActiveCfg = Release|Any CPU		{263ECC03-60A5-4698-AB81-1308C0F67B4D}.Release|Any CPU.Build.0 = Release|Any CPU		{4EDFEF11-1413-40F8-8521-CC46C34A28DC}.Debug|Any CPU.ActiveCfg = Debug|Any CPU		{4EDFEF11-1413-40F8-8521-CC46C34A28DC}.Debug|Any CPU.Build.0 = Debug|Any CPU		{4EDFEF11-1413-40F8-8521-CC46C34A28DC}.Release|Any CPU.ActiveCfg = Release|Any CPU		{4EDFEF11-1413-40F8-8521-CC46C34A28DC}.Release|Any CPU.Build.0 = Release|Any CPU		{3F7A2591-D8A7-44C2-B381-65C1E2765215}.Debug|Any CPU.ActiveCfg = Debug|Any CPU		{3F7A2591-D8A7-44C2-B381-65C1E2765215}.Debug|Any CPU.Build.0 = Debug|Any CPU		{3F7A2591-D8A7-44C2-B381-65C1E2765215}.Release|Any CPU.ActiveCfg = Release|Any CPU		{3F7A2591-D8A7-44C2-B381-65C1E2765215}.Release|Any CPU.Build.0 = Release|Any CPU		{E8197A62-2C18-4A9E-9B03-9A89F0E64F68}.Debug|Any CPU.ActiveCfg = Debug|Any CPU		{E8197A62-2C18-4A9E-9B03-9A89F0E64F68}.Debug|Any CPU.Build.0 = Debug|Any CPU		{E8197A62-2C18-4A9E-9B03-9A89F0E64F68}.Release|Any CPU.ActiveCfg = Release|Any CPU		{E8197A62-2C18-4A9E-9B03-9A89F0E64F68}.Release|Any CPU.Build.0 = Release|Any CPU		<!--add customized code between this region-->		<!--add customized code between this region-->	EndGlobalSection
	GlobalSection(SolutionProperties) = preSolution		HideSolutionNode = FALSE	EndGlobalSectionEndGlobal